// !$*UTF8*$!
{
	archiveVersion = 1;
	classes = {
	};
	objectVersion = 48;
	objects = {

/* Begin PBXBuildFile section */
		307E3860E148F3C4D8B26195 /* Pods_ImageLoader.framework in Frameworks */ = {isa = PBXBuildFile; fileRef = FF8ED332EAEDB1689CC4A042 /* Pods_ImageLoader.framework */; };
		92F40AF7489BFB5F794AB8FF /* Pods_ImageLoaderTests.framework in Frameworks */ = {isa = PBXBuildFile; fileRef = EB6E38FB14DA1229BCDCC457 /* Pods_ImageLoaderTests.framework */; };
		F424267C2055438E00D992D9 /* GooglePlaces.swift in Sources */ = {isa = PBXBuildFile; fileRef = F424267B2055438E00D992D9 /* GooglePlaces.swift */; };
		F424267E20554E6C00D992D9 /* LocationService.swift in Sources */ = {isa = PBXBuildFile; fileRef = F424267D20554E6C00D992D9 /* LocationService.swift */; };
		F48CF6142054717500B3F7C0 /* AppDelegate.swift in Sources */ = {isa = PBXBuildFile; fileRef = F48CF6132054717500B3F7C0 /* AppDelegate.swift */; };
		F48CF6192054717500B3F7C0 /* Main.storyboard in Resources */ = {isa = PBXBuildFile; fileRef = F48CF6172054717500B3F7C0 /* Main.storyboard */; };
		F48CF61C2054717500B3F7C0 /* ImageLoader.xcdatamodeld in Sources */ = {isa = PBXBuildFile; fileRef = F48CF61A2054717500B3F7C0 /* ImageLoader.xcdatamodeld */; };
		F48CF61E2054717500B3F7C0 /* Assets.xcassets in Resources */ = {isa = PBXBuildFile; fileRef = F48CF61D2054717500B3F7C0 /* Assets.xcassets */; };
		F48CF6212054717500B3F7C0 /* LaunchScreen.storyboard in Resources */ = {isa = PBXBuildFile; fileRef = F48CF61F2054717500B3F7C0 /* LaunchScreen.storyboard */; };
		F48CF62C2054717500B3F7C0 /* ImageLoaderTests.swift in Sources */ = {isa = PBXBuildFile; fileRef = F48CF62B2054717500B3F7C0 /* ImageLoaderTests.swift */; };
		F48CF678205472C100B3F7C0 /* Constants.swift in Sources */ = {isa = PBXBuildFile; fileRef = F48CF63A205472C100B3F7C0 /* Constants.swift */; };
		F48CF67C205472C100B3F7C0 /* Request.swift in Sources */ = {isa = PBXBuildFile; fileRef = F48CF641205472C100B3F7C0 /* Request.swift */; };
		F48CF67E205472C100B3F7C0 /* SessionManager.swift in Sources */ = {isa = PBXBuildFile; fileRef = F48CF643205472C100B3F7C0 /* SessionManager.swift */; };
		F48CF680205472C100B3F7C0 /* CoreDataStack.swift in Sources */ = {isa = PBXBuildFile; fileRef = F48CF646205472C100B3F7C0 /* CoreDataStack.swift */; };
		F48CF681205472C100B3F7C0 /* Managed.swift in Sources */ = {isa = PBXBuildFile; fileRef = F48CF647205472C100B3F7C0 /* Managed.swift */; };
		F48CF687205472C100B3F7C0 /* DepartmentRepository.swift in Sources */ = {isa = PBXBuildFile; fileRef = F48CF64F205472C100B3F7C0 /* DepartmentRepository.swift */; };
		F48CF68C205472C100B3F7C0 /* Identifiable.swift in Sources */ = {isa = PBXBuildFile; fileRef = F48CF656205472C100B3F7C0 /* Identifiable.swift */; };
		F48CF698205472C100B3F7C0 /* UITableViewExtensions.swift in Sources */ = {isa = PBXBuildFile; fileRef = F48CF66C205472C100B3F7C0 /* UITableViewExtensions.swift */; };
		F48CF69A205472C100B3F7C0 /* DepartmentsViewController.swift in Sources */ = {isa = PBXBuildFile; fileRef = F48CF66F205472C100B3F7C0 /* DepartmentsViewController.swift */; };
		F48CF69F205472C100B3F7C0 /* States.swift in Sources */ = {isa = PBXBuildFile; fileRef = F48CF675205472C100B3F7C0 /* States.swift */; };
		F48CF6A0205472C100B3F7C0 /* Reducers.swift in Sources */ = {isa = PBXBuildFile; fileRef = F48CF676205472C100B3F7C0 /* Reducers.swift */; };
		F48CF6A1205472C100B3F7C0 /* Actions.swift in Sources */ = {isa = PBXBuildFile; fileRef = F48CF677205472C100B3F7C0 /* Actions.swift */; };
		F48CF6A3205477AB00B3F7C0 /* MapController.swift in Sources */ = {isa = PBXBuildFile; fileRef = F48CF6A2205477AB00B3F7C0 /* MapController.swift */; };
		F48CF6A52054790C00B3F7C0 /* PlaceRepository.swift in Sources */ = {isa = PBXBuildFile; fileRef = F48CF6A42054790C00B3F7C0 /* PlaceRepository.swift */; };
		F48CF6A72054798200B3F7C0 /* Place.swift in Sources */ = {isa = PBXBuildFile; fileRef = F48CF6A62054798200B3F7C0 /* Place.swift */; };
		F48CF6AA205479A000B3F7C0 /* PlaceMO.swift in Sources */ = {isa = PBXBuildFile; fileRef = F48CF6A9205479A000B3F7C0 /* PlaceMO.swift */; };
/* End PBXBuildFile section */

/* Begin PBXContainerItemProxy section */
		F48CF6282054717500B3F7C0 /* PBXContainerItemProxy */ = {
			isa = PBXContainerItemProxy;
			containerPortal = F48CF6082054717500B3F7C0 /* Project object */;
			proxyType = 1;
			remoteGlobalIDString = F48CF60F2054717500B3F7C0;
			remoteInfo = ImageLoader;
		};
/* End PBXContainerItemProxy section */

/* Begin PBXFileReference section */
		2CC58902CF216D374587B8DD /* Pods-ImageLoader.release.xcconfig */ = {isa = PBXFileReference; includeInIndex = 1; lastKnownFileType = text.xcconfig; name = "Pods-ImageLoader.release.xcconfig"; path = "Pods/Target Support Files/Pods-ImageLoader/Pods-ImageLoader.release.xcconfig"; sourceTree = "<group>"; };
		8A25CA749AB49A2F3276CC49 /* Pods-ImageLoader.debug.xcconfig */ = {isa = PBXFileReference; includeInIndex = 1; lastKnownFileType = text.xcconfig; name = "Pods-ImageLoader.debug.xcconfig"; path = "Pods/Target Support Files/Pods-ImageLoader/Pods-ImageLoader.debug.xcconfig"; sourceTree = "<group>"; };
		9C0A817BE9EC20C317791588 /* Pods-ImageLoaderTests.debug.xcconfig */ = {isa = PBXFileReference; includeInIndex = 1; lastKnownFileType = text.xcconfig; name = "Pods-ImageLoaderTests.debug.xcconfig"; path = "Pods/Target Support Files/Pods-ImageLoaderTests/Pods-ImageLoaderTests.debug.xcconfig"; sourceTree = "<group>"; };
		D6A554829F2EBEA98BBE031D /* Pods-ImageLoaderTests.release.xcconfig */ = {isa = PBXFileReference; includeInIndex = 1; lastKnownFileType = text.xcconfig; name = "Pods-ImageLoaderTests.release.xcconfig"; path = "Pods/Target Support Files/Pods-ImageLoaderTests/Pods-ImageLoaderTests.release.xcconfig"; sourceTree = "<group>"; };
		EB6E38FB14DA1229BCDCC457 /* Pods_ImageLoaderTests.framework */ = {isa = PBXFileReference; explicitFileType = wrapper.framework; includeInIndex = 0; path = Pods_ImageLoaderTests.framework; sourceTree = BUILT_PRODUCTS_DIR; };
		F424267B2055438E00D992D9 /* GooglePlaces.swift */ = {isa = PBXFileReference; lastKnownFileType = sourcecode.swift; path = GooglePlaces.swift; sourceTree = "<group>"; };
		F424267D20554E6C00D992D9 /* LocationService.swift */ = {isa = PBXFileReference; lastKnownFileType = sourcecode.swift; path = LocationService.swift; sourceTree = "<group>"; };
		F48CF6102054717500B3F7C0 /* ImageLoader.app */ = {isa = PBXFileReference; explicitFileType = wrapper.application; includeInIndex = 0; path = ImageLoader.app; sourceTree = BUILT_PRODUCTS_DIR; };
		F48CF6132054717500B3F7C0 /* AppDelegate.swift */ = {isa = PBXFileReference; lastKnownFileType = sourcecode.swift; path = AppDelegate.swift; sourceTree = "<group>"; };
		F48CF6182054717500B3F7C0 /* Base */ = {isa = PBXFileReference; lastKnownFileType = file.storyboard; name = Base; path = Base.lproj/Main.storyboard; sourceTree = "<group>"; };
		F48CF61B2054717500B3F7C0 /* ImageLoader.xcdatamodel */ = {isa = PBXFileReference; lastKnownFileType = wrapper.xcdatamodel; path = ImageLoader.xcdatamodel; sourceTree = "<group>"; };
		F48CF61D2054717500B3F7C0 /* Assets.xcassets */ = {isa = PBXFileReference; lastKnownFileType = folder.assetcatalog; path = Assets.xcassets; sourceTree = "<group>"; };
		F48CF6202054717500B3F7C0 /* Base */ = {isa = PBXFileReference; lastKnownFileType = file.storyboard; name = Base; path = Base.lproj/LaunchScreen.storyboard; sourceTree = "<group>"; };
		F48CF6222054717500B3F7C0 /* Info.plist */ = {isa = PBXFileReference; lastKnownFileType = text.plist.xml; path = Info.plist; sourceTree = "<group>"; };
		F48CF6272054717500B3F7C0 /* ImageLoaderTests.xctest */ = {isa = PBXFileReference; explicitFileType = wrapper.cfbundle; includeInIndex = 0; path = ImageLoaderTests.xctest; sourceTree = BUILT_PRODUCTS_DIR; };
		F48CF62B2054717500B3F7C0 /* ImageLoaderTests.swift */ = {isa = PBXFileReference; lastKnownFileType = sourcecode.swift; path = ImageLoaderTests.swift; sourceTree = "<group>"; };
		F48CF62D2054717500B3F7C0 /* Info.plist */ = {isa = PBXFileReference; lastKnownFileType = text.plist.xml; path = Info.plist; sourceTree = "<group>"; };
		F48CF63A205472C100B3F7C0 /* Constants.swift */ = {isa = PBXFileReference; fileEncoding = 4; lastKnownFileType = sourcecode.swift; path = Constants.swift; sourceTree = "<group>"; };
		F48CF641205472C100B3F7C0 /* Request.swift */ = {isa = PBXFileReference; fileEncoding = 4; lastKnownFileType = sourcecode.swift; path = Request.swift; sourceTree = "<group>"; };
		F48CF643205472C100B3F7C0 /* SessionManager.swift */ = {isa = PBXFileReference; fileEncoding = 4; lastKnownFileType = sourcecode.swift; path = SessionManager.swift; sourceTree = "<group>"; };
		F48CF646205472C100B3F7C0 /* CoreDataStack.swift */ = {isa = PBXFileReference; fileEncoding = 4; lastKnownFileType = sourcecode.swift; path = CoreDataStack.swift; sourceTree = "<group>"; };
		F48CF647205472C100B3F7C0 /* Managed.swift */ = {isa = PBXFileReference; fileEncoding = 4; lastKnownFileType = sourcecode.swift; path = Managed.swift; sourceTree = "<group>"; };
		F48CF64F205472C100B3F7C0 /* DepartmentRepository.swift */ = {isa = PBXFileReference; fileEncoding = 4; lastKnownFileType = sourcecode.swift; path = DepartmentRepository.swift; sourceTree = "<group>"; };
		F48CF656205472C100B3F7C0 /* Identifiable.swift */ = {isa = PBXFileReference; fileEncoding = 4; lastKnownFileType = sourcecode.swift; path = Identifiable.swift; sourceTree = "<group>"; };
		F48CF66C205472C100B3F7C0 /* UITableViewExtensions.swift */ = {isa = PBXFileReference; fileEncoding = 4; lastKnownFileType = sourcecode.swift; path = UITableViewExtensions.swift; sourceTree = "<group>"; };
		F48CF66F205472C100B3F7C0 /* DepartmentsViewController.swift */ = {isa = PBXFileReference; fileEncoding = 4; lastKnownFileType = sourcecode.swift; path = DepartmentsViewController.swift; sourceTree = "<group>"; };
		F48CF675205472C100B3F7C0 /* States.swift */ = {isa = PBXFileReference; fileEncoding = 4; lastKnownFileType = sourcecode.swift; path = States.swift; sourceTree = "<group>"; };
		F48CF676205472C100B3F7C0 /* Reducers.swift */ = {isa = PBXFileReference; fileEncoding = 4; lastKnownFileType = sourcecode.swift; path = Reducers.swift; sourceTree = "<group>"; };
		F48CF677205472C100B3F7C0 /* Actions.swift */ = {isa = PBXFileReference; fileEncoding = 4; lastKnownFileType = sourcecode.swift; path = Actions.swift; sourceTree = "<group>"; };
		F48CF6A2205477AB00B3F7C0 /* MapController.swift */ = {isa = PBXFileReference; lastKnownFileType = sourcecode.swift; path = MapController.swift; sourceTree = "<group>"; };
		F48CF6A42054790C00B3F7C0 /* PlaceRepository.swift */ = {isa = PBXFileReference; lastKnownFileType = sourcecode.swift; path = PlaceRepository.swift; sourceTree = "<group>"; };
		F48CF6A62054798200B3F7C0 /* Place.swift */ = {isa = PBXFileReference; lastKnownFileType = sourcecode.swift; path = Place.swift; sourceTree = "<group>"; };
		F48CF6A9205479A000B3F7C0 /* PlaceMO.swift */ = {isa = PBXFileReference; lastKnownFileType = sourcecode.swift; path = PlaceMO.swift; sourceTree = "<group>"; };
		FF8ED332EAEDB1689CC4A042 /* Pods_ImageLoader.framework */ = {isa = PBXFileReference; explicitFileType = wrapper.framework; includeInIndex = 0; path = Pods_ImageLoader.framework; sourceTree = BUILT_PRODUCTS_DIR; };
/* End PBXFileReference section */

/* Begin PBXFrameworksBuildPhase section */
		F48CF60D2054717500B3F7C0 /* Frameworks */ = {
			isa = PBXFrameworksBuildPhase;
			buildActionMask = 2147483647;
			files = (
				307E3860E148F3C4D8B26195 /* Pods_ImageLoader.framework in Frameworks */,
			);
			runOnlyForDeploymentPostprocessing = 0;
		};
		F48CF6242054717500B3F7C0 /* Frameworks */ = {
			isa = PBXFrameworksBuildPhase;
			buildActionMask = 2147483647;
			files = (
				92F40AF7489BFB5F794AB8FF /* Pods_ImageLoaderTests.framework in Frameworks */,
			);
			runOnlyForDeploymentPostprocessing = 0;
		};
/* End PBXFrameworksBuildPhase section */

/* Begin PBXGroup section */
		5A34DBEE7ABD3BCD0D3D88A0 /* Frameworks */ = {
			isa = PBXGroup;
			children = (
				FF8ED332EAEDB1689CC4A042 /* Pods_ImageLoader.framework */,
				EB6E38FB14DA1229BCDCC457 /* Pods_ImageLoaderTests.framework */,
			);
			name = Frameworks;
			sourceTree = "<group>";
		};
		BEC12E43987CA33FF48C791E /* Pods */ = {
			isa = PBXGroup;
			children = (
				8A25CA749AB49A2F3276CC49 /* Pods-ImageLoader.debug.xcconfig */,
				2CC58902CF216D374587B8DD /* Pods-ImageLoader.release.xcconfig */,
				9C0A817BE9EC20C317791588 /* Pods-ImageLoaderTests.debug.xcconfig */,
				D6A554829F2EBEA98BBE031D /* Pods-ImageLoaderTests.release.xcconfig */,
			);
			name = Pods;
			sourceTree = "<group>";
		};
		F424267F20554E7000D992D9 /* Services */ = {
			isa = PBXGroup;
			children = (
				F424267D20554E6C00D992D9 /* LocationService.swift */,
			);
			path = Services;
			sourceTree = "<group>";
		};
		F48CF6072054717500B3F7C0 = {
			isa = PBXGroup;
			children = (
				F48CF6122054717500B3F7C0 /* ImageLoader */,
				F48CF62A2054717500B3F7C0 /* ImageLoaderTests */,
				F48CF6112054717500B3F7C0 /* Products */,
				BEC12E43987CA33FF48C791E /* Pods */,
				5A34DBEE7ABD3BCD0D3D88A0 /* Frameworks */,
			);
			sourceTree = "<group>";
		};
		F48CF6112054717500B3F7C0 /* Products */ = {
			isa = PBXGroup;
			children = (
				F48CF6102054717500B3F7C0 /* ImageLoader.app */,
				F48CF6272054717500B3F7C0 /* ImageLoaderTests.xctest */,
			);
			name = Products;
			sourceTree = "<group>";
		};
		F48CF6122054717500B3F7C0 /* ImageLoader */ = {
			isa = PBXGroup;
			children = (
				F48CF6132054717500B3F7C0 /* AppDelegate.swift */,
				F48CF63A205472C100B3F7C0 /* Constants.swift */,
				F424267F20554E7000D992D9 /* Services */,
				F48CF6A82054798700B3F7C0 /* Model */,
				F48CF674205472C100B3F7C0 /* RE */,
				F48CF66E205472C100B3F7C0 /* Controllers */,
				F48CF66B205472C100B3F7C0 /* Extensions */,
				F48CF64D205472C100B3F7C0 /* Repositories */,
				F48CF654205472C100B3F7C0 /* Protocol */,
				F48CF645205472C100B3F7C0 /* CoreData */,
				F48CF63C205472C100B3F7C0 /* Network */,
				F48CF6172054717500B3F7C0 /* Main.storyboard */,
				F48CF61D2054717500B3F7C0 /* Assets.xcassets */,
				F48CF61F2054717500B3F7C0 /* LaunchScreen.storyboard */,
				F48CF6222054717500B3F7C0 /* Info.plist */,
				F48CF61A2054717500B3F7C0 /* ImageLoader.xcdatamodeld */,
			);
			path = ImageLoader;
			sourceTree = "<group>";
		};
		F48CF62A2054717500B3F7C0 /* ImageLoaderTests */ = {
			isa = PBXGroup;
			children = (
				F48CF62B2054717500B3F7C0 /* ImageLoaderTests.swift */,
				F48CF62D2054717500B3F7C0 /* Info.plist */,
			);
			path = ImageLoaderTests;
			sourceTree = "<group>";
		};
		F48CF63C205472C100B3F7C0 /* Network */ = {
			isa = PBXGroup;
			children = (
				F48CF63F205472C100B3F7C0 /* Requests */,
				F48CF643205472C100B3F7C0 /* SessionManager.swift */,
			);
			path = Network;
			sourceTree = "<group>";
		};
		F48CF63F205472C100B3F7C0 /* Requests */ = {
			isa = PBXGroup;
			children = (
				F48CF641205472C100B3F7C0 /* Request.swift */,
				F424267B2055438E00D992D9 /* GooglePlaces.swift */,
			);
			path = Requests;
			sourceTree = "<group>";
		};
		F48CF645205472C100B3F7C0 /* CoreData */ = {
			isa = PBXGroup;
			children = (
				F48CF646205472C100B3F7C0 /* CoreDataStack.swift */,
				F48CF647205472C100B3F7C0 /* Managed.swift */,
				F48CF6AB205479A400B3F7C0 /* Model */,
			);
			path = CoreData;
			sourceTree = "<group>";
		};
		F48CF64D205472C100B3F7C0 /* Repositories */ = {
			isa = PBXGroup;
			children = (
				F48CF64F205472C100B3F7C0 /* DepartmentRepository.swift */,
				F48CF6A42054790C00B3F7C0 /* PlaceRepository.swift */,
			);
			path = Repositories;
			sourceTree = "<group>";
		};
		F48CF654205472C100B3F7C0 /* Protocol */ = {
			isa = PBXGroup;
			children = (
				F48CF656205472C100B3F7C0 /* Identifiable.swift */,
			);
			path = Protocol;
			sourceTree = "<group>";
		};
		F48CF66B205472C100B3F7C0 /* Extensions */ = {
			isa = PBXGroup;
			children = (
				F48CF66C205472C100B3F7C0 /* UITableViewExtensions.swift */,
			);
			path = Extensions;
			sourceTree = "<group>";
		};
		F48CF66E205472C100B3F7C0 /* Controllers */ = {
			isa = PBXGroup;
			children = (
				F48CF66F205472C100B3F7C0 /* DepartmentsViewController.swift */,
				F48CF6A2205477AB00B3F7C0 /* MapController.swift */,
			);
			path = Controllers;
			sourceTree = "<group>";
		};
		F48CF674205472C100B3F7C0 /* RE */ = {
			isa = PBXGroup;
			children = (
				F48CF675205472C100B3F7C0 /* States.swift */,
				F48CF676205472C100B3F7C0 /* Reducers.swift */,
				F48CF677205472C100B3F7C0 /* Actions.swift */,
			);
			path = RE;
			sourceTree = "<group>";
		};
		F48CF6A82054798700B3F7C0 /* Model */ = {
			isa = PBXGroup;
			children = (
				F48CF6A62054798200B3F7C0 /* Place.swift */,
			);
			path = Model;
			sourceTree = "<group>";
		};
		F48CF6AB205479A400B3F7C0 /* Model */ = {
			isa = PBXGroup;
			children = (
				F48CF6A9205479A000B3F7C0 /* PlaceMO.swift */,
			);
			path = Model;
			sourceTree = "<group>";
		};
/* End PBXGroup section */

/* Begin PBXNativeTarget section */
		F48CF60F2054717500B3F7C0 /* ImageLoader */ = {
			isa = PBXNativeTarget;
			buildConfigurationList = F48CF6302054717500B3F7C0 /* Build configuration list for PBXNativeTarget "ImageLoader" */;
			buildPhases = (
				574E8549FEE04C7C0249431C /* [CP] Check Pods Manifest.lock */,
				F48CF60C2054717500B3F7C0 /* Sources */,
				F48CF60D2054717500B3F7C0 /* Frameworks */,
				F48CF60E2054717500B3F7C0 /* Resources */,
				F08D45B57C39B761EE7FEC32 /* [CP] Embed Pods Frameworks */,
				0765B72F81160A89E3E6A0BB /* [CP] Copy Pods Resources */,
			);
			buildRules = (
			);
			dependencies = (
			);
			name = ImageLoader;
			productName = ImageLoader;
			productReference = F48CF6102054717500B3F7C0 /* ImageLoader.app */;
			productType = "com.apple.product-type.application";
		};
		F48CF6262054717500B3F7C0 /* ImageLoaderTests */ = {
			isa = PBXNativeTarget;
			buildConfigurationList = F48CF6332054717500B3F7C0 /* Build configuration list for PBXNativeTarget "ImageLoaderTests" */;
			buildPhases = (
				E75F47405F5E0C83BDEF9C87 /* [CP] Check Pods Manifest.lock */,
				F48CF6232054717500B3F7C0 /* Sources */,
				F48CF6242054717500B3F7C0 /* Frameworks */,
				F48CF6252054717500B3F7C0 /* Resources */,
				6AF1F7D8C2DE6A0825B4C556 /* [CP] Embed Pods Frameworks */,
				A62578241425BC2DE18FBDB9 /* [CP] Copy Pods Resources */,
			);
			buildRules = (
			);
			dependencies = (
				F48CF6292054717500B3F7C0 /* PBXTargetDependency */,
			);
			name = ImageLoaderTests;
			productName = ImageLoaderTests;
			productReference = F48CF6272054717500B3F7C0 /* ImageLoaderTests.xctest */;
			productType = "com.apple.product-type.bundle.unit-test";
		};
/* End PBXNativeTarget section */

/* Begin PBXProject section */
		F48CF6082054717500B3F7C0 /* Project object */ = {
			isa = PBXProject;
			attributes = {
				LastSwiftUpdateCheck = 0920;
				LastUpgradeCheck = 0920;
				ORGANIZATIONNAME = "Ivan Hahanov";
				TargetAttributes = {
					F48CF60F2054717500B3F7C0 = {
						CreatedOnToolsVersion = 9.2;
						ProvisioningStyle = Automatic;
					};
					F48CF6262054717500B3F7C0 = {
						CreatedOnToolsVersion = 9.2;
						ProvisioningStyle = Automatic;
						TestTargetID = F48CF60F2054717500B3F7C0;
					};
				};
			};
			buildConfigurationList = F48CF60B2054717500B3F7C0 /* Build configuration list for PBXProject "ImageLoader" */;
			compatibilityVersion = "Xcode 8.0";
			developmentRegion = en;
			hasScannedForEncodings = 0;
			knownRegions = (
				en,
				Base,
			);
			mainGroup = F48CF6072054717500B3F7C0;
			productRefGroup = F48CF6112054717500B3F7C0 /* Products */;
			projectDirPath = "";
			projectRoot = "";
			targets = (
				F48CF60F2054717500B3F7C0 /* ImageLoader */,
				F48CF6262054717500B3F7C0 /* ImageLoaderTests */,
			);
		};
/* End PBXProject section */

/* Begin PBXResourcesBuildPhase section */
		F48CF60E2054717500B3F7C0 /* Resources */ = {
			isa = PBXResourcesBuildPhase;
			buildActionMask = 2147483647;
			files = (
				F48CF6212054717500B3F7C0 /* LaunchScreen.storyboard in Resources */,
				F48CF61E2054717500B3F7C0 /* Assets.xcassets in Resources */,
				F48CF6192054717500B3F7C0 /* Main.storyboard in Resources */,
			);
			runOnlyForDeploymentPostprocessing = 0;
		};
		F48CF6252054717500B3F7C0 /* Resources */ = {
			isa = PBXResourcesBuildPhase;
			buildActionMask = 2147483647;
			files = (
			);
			runOnlyForDeploymentPostprocessing = 0;
		};
/* End PBXResourcesBuildPhase section */

/* Begin PBXShellScriptBuildPhase section */
		0765B72F81160A89E3E6A0BB /* [CP] Copy Pods Resources */ = {
			isa = PBXShellScriptBuildPhase;
			buildActionMask = 2147483647;
			files = (
			);
			inputPaths = (
			);
			name = "[CP] Copy Pods Resources";
			outputPaths = (
			);
			runOnlyForDeploymentPostprocessing = 0;
			shellPath = /bin/sh;
			shellScript = "\"${SRCROOT}/Pods/Target Support Files/Pods-ImageLoader/Pods-ImageLoader-resources.sh\"\n";
			showEnvVarsInLog = 0;
		};
		574E8549FEE04C7C0249431C /* [CP] Check Pods Manifest.lock */ = {
			isa = PBXShellScriptBuildPhase;
			buildActionMask = 2147483647;
			files = (
			);
			inputPaths = (
			);
			name = "[CP] Check Pods Manifest.lock";
			outputPaths = (
			);
			runOnlyForDeploymentPostprocessing = 0;
			shellPath = /bin/sh;
			shellScript = "diff \"${PODS_PODFILE_DIR_PATH}/Podfile.lock\" \"${PODS_ROOT}/Manifest.lock\" > /dev/null\nif [ $? != 0 ] ; then\n    # print error to STDERR\n    echo \"error: The sandbox is not in sync with the Podfile.lock. Run 'pod install' or update your CocoaPods installation.\" >&2\n    exit 1\nfi\n";
			showEnvVarsInLog = 0;
		};
		6AF1F7D8C2DE6A0825B4C556 /* [CP] Embed Pods Frameworks */ = {
			isa = PBXShellScriptBuildPhase;
			buildActionMask = 2147483647;
			files = (
			);
			inputPaths = (
			);
			name = "[CP] Embed Pods Frameworks";
			outputPaths = (
			);
			runOnlyForDeploymentPostprocessing = 0;
			shellPath = /bin/sh;
			shellScript = "\"${SRCROOT}/Pods/Target Support Files/Pods-ImageLoaderTests/Pods-ImageLoaderTests-frameworks.sh\"\n";
			showEnvVarsInLog = 0;
		};
		A62578241425BC2DE18FBDB9 /* [CP] Copy Pods Resources */ = {
			isa = PBXShellScriptBuildPhase;
			buildActionMask = 2147483647;
			files = (
			);
			inputPaths = (
			);
			name = "[CP] Copy Pods Resources";
			outputPaths = (
			);
			runOnlyForDeploymentPostprocessing = 0;
			shellPath = /bin/sh;
			shellScript = "\"${SRCROOT}/Pods/Target Support Files/Pods-ImageLoaderTests/Pods-ImageLoaderTests-resources.sh\"\n";
			showEnvVarsInLog = 0;
		};
		E75F47405F5E0C83BDEF9C87 /* [CP] Check Pods Manifest.lock */ = {
			isa = PBXShellScriptBuildPhase;
			buildActionMask = 2147483647;
			files = (
			);
			inputPaths = (
			);
			name = "[CP] Check Pods Manifest.lock";
			outputPaths = (
			);
			runOnlyForDeploymentPostprocessing = 0;
			shellPath = /bin/sh;
			shellScript = "diff \"${PODS_PODFILE_DIR_PATH}/Podfile.lock\" \"${PODS_ROOT}/Manifest.lock\" > /dev/null\nif [ $? != 0 ] ; then\n    # print error to STDERR\n    echo \"error: The sandbox is not in sync with the Podfile.lock. Run 'pod install' or update your CocoaPods installation.\" >&2\n    exit 1\nfi\n";
			showEnvVarsInLog = 0;
		};
		F08D45B57C39B761EE7FEC32 /* [CP] Embed Pods Frameworks */ = {
			isa = PBXShellScriptBuildPhase;
			buildActionMask = 2147483647;
			files = (
			);
			inputPaths = (
			);
			name = "[CP] Embed Pods Frameworks";
			outputPaths = (
			);
			runOnlyForDeploymentPostprocessing = 0;
			shellPath = /bin/sh;
			shellScript = "\"${SRCROOT}/Pods/Target Support Files/Pods-ImageLoader/Pods-ImageLoader-frameworks.sh\"\n";
			showEnvVarsInLog = 0;
		};
/* End PBXShellScriptBuildPhase section */

/* Begin PBXSourcesBuildPhase section */
		F48CF60C2054717500B3F7C0 /* Sources */ = {
			isa = PBXSourcesBuildPhase;
			buildActionMask = 2147483647;
			files = (
				F48CF6142054717500B3F7C0 /* AppDelegate.swift in Sources */,
				F48CF6AA205479A000B3F7C0 /* PlaceMO.swift in Sources */,
				F424267E20554E6C00D992D9 /* LocationService.swift in Sources */,
				F48CF69A205472C100B3F7C0 /* DepartmentsViewController.swift in Sources */,
				F48CF681205472C100B3F7C0 /* Managed.swift in Sources */,
				F48CF69F205472C100B3F7C0 /* States.swift in Sources */,
				F48CF698205472C100B3F7C0 /* UITableViewExtensions.swift in Sources */,
				F48CF6A52054790C00B3F7C0 /* PlaceRepository.swift in Sources */,
				F48CF67E205472C100B3F7C0 /* SessionManager.swift in Sources */,
				F48CF61C2054717500B3F7C0 /* ImageLoader.xcdatamodeld in Sources */,
				F48CF680205472C100B3F7C0 /* CoreDataStack.swift in Sources */,
				F424267C2055438E00D992D9 /* GooglePlaces.swift in Sources */,
				F48CF6A72054798200B3F7C0 /* Place.swift in Sources */,
				F48CF678205472C100B3F7C0 /* Constants.swift in Sources */,
				F48CF687205472C100B3F7C0 /* DepartmentRepository.swift in Sources */,
				F48CF6A1205472C100B3F7C0 /* Actions.swift in Sources */,
				F48CF67C205472C100B3F7C0 /* Request.swift in Sources */,
				F48CF6A3205477AB00B3F7C0 /* MapController.swift in Sources */,
				F48CF68C205472C100B3F7C0 /* Identifiable.swift in Sources */,
				F48CF6A0205472C100B3F7C0 /* Reducers.swift in Sources */,
			);
			runOnlyForDeploymentPostprocessing = 0;
		};
		F48CF6232054717500B3F7C0 /* Sources */ = {
			isa = PBXSourcesBuildPhase;
			buildActionMask = 2147483647;
			files = (
				F48CF62C2054717500B3F7C0 /* ImageLoaderTests.swift in Sources */,
			);
			runOnlyForDeploymentPostprocessing = 0;
		};
/* End PBXSourcesBuildPhase section */

/* Begin PBXTargetDependency section */
		F48CF6292054717500B3F7C0 /* PBXTargetDependency */ = {
			isa = PBXTargetDependency;
			target = F48CF60F2054717500B3F7C0 /* ImageLoader */;
			targetProxy = F48CF6282054717500B3F7C0 /* PBXContainerItemProxy */;
		};
/* End PBXTargetDependency section */

/* Begin PBXVariantGroup section */
		F48CF6172054717500B3F7C0 /* Main.storyboard */ = {
			isa = PBXVariantGroup;
			children = (
				F48CF6182054717500B3F7C0 /* Base */,
			);
			name = Main.storyboard;
			sourceTree = "<group>";
		};
		F48CF61F2054717500B3F7C0 /* LaunchScreen.storyboard */ = {
			isa = PBXVariantGroup;
			children = (
				F48CF6202054717500B3F7C0 /* Base */,
			);
			name = LaunchScreen.storyboard;
			sourceTree = "<group>";
		};
/* End PBXVariantGroup section */

/* Begin XCBuildConfiguration section */
		F48CF62E2054717500B3F7C0 /* Debug */ = {
			isa = XCBuildConfiguration;
			buildSettings = {
				ALWAYS_SEARCH_USER_PATHS = NO;
				CLANG_ANALYZER_NONNULL = YES;
				CLANG_ANALYZER_NUMBER_OBJECT_CONVERSION = YES_AGGRESSIVE;
				CLANG_CXX_LANGUAGE_STANDARD = "gnu++14";
				CLANG_CXX_LIBRARY = "libc++";
				CLANG_ENABLE_MODULES = YES;
				CLANG_ENABLE_OBJC_ARC = YES;
				CLANG_WARN_BLOCK_CAPTURE_AUTORELEASING = YES;
				CLANG_WARN_BOOL_CONVERSION = YES;
				CLANG_WARN_COMMA = YES;
				CLANG_WARN_CONSTANT_CONVERSION = YES;
				CLANG_WARN_DIRECT_OBJC_ISA_USAGE = YES_ERROR;
				CLANG_WARN_DOCUMENTATION_COMMENTS = YES;
				CLANG_WARN_EMPTY_BODY = YES;
				CLANG_WARN_ENUM_CONVERSION = YES;
				CLANG_WARN_INFINITE_RECURSION = YES;
				CLANG_WARN_INT_CONVERSION = YES;
				CLANG_WARN_NON_LITERAL_NULL_CONVERSION = YES;
				CLANG_WARN_OBJC_LITERAL_CONVERSION = YES;
				CLANG_WARN_OBJC_ROOT_CLASS = YES_ERROR;
				CLANG_WARN_RANGE_LOOP_ANALYSIS = YES;
				CLANG_WARN_STRICT_PROTOTYPES = YES;
				CLANG_WARN_SUSPICIOUS_MOVE = YES;
				CLANG_WARN_UNGUARDED_AVAILABILITY = YES_AGGRESSIVE;
				CLANG_WARN_UNREACHABLE_CODE = YES;
				CLANG_WARN__DUPLICATE_METHOD_MATCH = YES;
				CODE_SIGN_IDENTITY = "iPhone Developer";
				COPY_PHASE_STRIP = NO;
				DEBUG_INFORMATION_FORMAT = dwarf;
				ENABLE_STRICT_OBJC_MSGSEND = YES;
				ENABLE_TESTABILITY = YES;
				GCC_C_LANGUAGE_STANDARD = gnu11;
				GCC_DYNAMIC_NO_PIC = NO;
				GCC_NO_COMMON_BLOCKS = YES;
				GCC_OPTIMIZATION_LEVEL = 0;
				GCC_PREPROCESSOR_DEFINITIONS = (
					"DEBUG=1",
					"$(inherited)",
				);
				GCC_WARN_64_TO_32_BIT_CONVERSION = YES;
				GCC_WARN_ABOUT_RETURN_TYPE = YES_ERROR;
				GCC_WARN_UNDECLARED_SELECTOR = YES;
				GCC_WARN_UNINITIALIZED_AUTOS = YES_AGGRESSIVE;
				GCC_WARN_UNUSED_FUNCTION = YES;
				GCC_WARN_UNUSED_VARIABLE = YES;
				IPHONEOS_DEPLOYMENT_TARGET = 11.2;
				MTL_ENABLE_DEBUG_INFO = YES;
				ONLY_ACTIVE_ARCH = YES;
				SDKROOT = iphoneos;
				SWIFT_ACTIVE_COMPILATION_CONDITIONS = DEBUG;
				SWIFT_OPTIMIZATION_LEVEL = "-Onone";
			};
			name = Debug;
		};
		F48CF62F2054717500B3F7C0 /* Release */ = {
			isa = XCBuildConfiguration;
			buildSettings = {
				ALWAYS_SEARCH_USER_PATHS = NO;
				CLANG_ANALYZER_NONNULL = YES;
				CLANG_ANALYZER_NUMBER_OBJECT_CONVERSION = YES_AGGRESSIVE;
				CLANG_CXX_LANGUAGE_STANDARD = "gnu++14";
				CLANG_CXX_LIBRARY = "libc++";
				CLANG_ENABLE_MODULES = YES;
				CLANG_ENABLE_OBJC_ARC = YES;
				CLANG_WARN_BLOCK_CAPTURE_AUTORELEASING = YES;
				CLANG_WARN_BOOL_CONVERSION = YES;
				CLANG_WARN_COMMA = YES;
				CLANG_WARN_CONSTANT_CONVERSION = YES;
				CLANG_WARN_DIRECT_OBJC_ISA_USAGE = YES_ERROR;
				CLANG_WARN_DOCUMENTATION_COMMENTS = YES;
				CLANG_WARN_EMPTY_BODY = YES;
				CLANG_WARN_ENUM_CONVERSION = YES;
				CLANG_WARN_INFINITE_RECURSION = YES;
				CLANG_WARN_INT_CONVERSION = YES;
				CLANG_WARN_NON_LITERAL_NULL_CONVERSION = YES;
				CLANG_WARN_OBJC_LITERAL_CONVERSION = YES;
				CLANG_WARN_OBJC_ROOT_CLASS = YES_ERROR;
				CLANG_WARN_RANGE_LOOP_ANALYSIS = YES;
				CLANG_WARN_STRICT_PROTOTYPES = YES;
				CLANG_WARN_SUSPICIOUS_MOVE = YES;
				CLANG_WARN_UNGUARDED_AVAILABILITY = YES_AGGRESSIVE;
				CLANG_WARN_UNREACHABLE_CODE = YES;
				CLANG_WARN__DUPLICATE_METHOD_MATCH = YES;
				CODE_SIGN_IDENTITY = "iPhone Developer";
				COPY_PHASE_STRIP = NO;
				DEBUG_INFORMATION_FORMAT = "dwarf-with-dsym";
				ENABLE_NS_ASSERTIONS = NO;
				ENABLE_STRICT_OBJC_MSGSEND = YES;
				GCC_C_LANGUAGE_STANDARD = gnu11;
				GCC_NO_COMMON_BLOCKS = YES;
				GCC_WARN_64_TO_32_BIT_CONVERSION = YES;
				GCC_WARN_ABOUT_RETURN_TYPE = YES_ERROR;
				GCC_WARN_UNDECLARED_SELECTOR = YES;
				GCC_WARN_UNINITIALIZED_AUTOS = YES_AGGRESSIVE;
				GCC_WARN_UNUSED_FUNCTION = YES;
				GCC_WARN_UNUSED_VARIABLE = YES;
				IPHONEOS_DEPLOYMENT_TARGET = 11.2;
				MTL_ENABLE_DEBUG_INFO = NO;
				SDKROOT = iphoneos;
				SWIFT_OPTIMIZATION_LEVEL = "-Owholemodule";
				VALIDATE_PRODUCT = YES;
			};
			name = Release;
		};
		F48CF6312054717500B3F7C0 /* Debug */ = {
			isa = XCBuildConfiguration;
			baseConfigurationReference = 8A25CA749AB49A2F3276CC49 /* Pods-ImageLoader.debug.xcconfig */;
			buildSettings = {
				ASSETCATALOG_COMPILER_APPICON_NAME = AppIcon;
				CODE_SIGN_STYLE = Automatic;
				INFOPLIST_FILE = ImageLoader/Info.plist;
				LD_RUNPATH_SEARCH_PATHS = "$(inherited) @executable_path/Frameworks";
				PRODUCT_BUNDLE_IDENTIFIER = com.IvanHahan.ImageLoader;
				PRODUCT_NAME = "$(TARGET_NAME)";
				SWIFT_VERSION = 4.0;
				TARGETED_DEVICE_FAMILY = "1,2";
			};
			name = Debug;
		};
		F48CF6322054717500B3F7C0 /* Release */ = {
			isa = XCBuildConfiguration;
			baseConfigurationReference = 2CC58902CF216D374587B8DD /* Pods-ImageLoader.release.xcconfig */;
			buildSettings = {
				ASSETCATALOG_COMPILER_APPICON_NAME = AppIcon;
				CODE_SIGN_STYLE = Automatic;
				INFOPLIST_FILE = ImageLoader/Info.plist;
				LD_RUNPATH_SEARCH_PATHS = "$(inherited) @executable_path/Frameworks";
				PRODUCT_BUNDLE_IDENTIFIER = com.IvanHahan.ImageLoader;
				PRODUCT_NAME = "$(TARGET_NAME)";
				SWIFT_VERSION = 4.0;
				TARGETED_DEVICE_FAMILY = "1,2";
			};
			name = Release;
		};
		F48CF6342054717500B3F7C0 /* Debug */ = {
			isa = XCBuildConfiguration;
			baseConfigurationReference = 9C0A817BE9EC20C317791588 /* Pods-ImageLoaderTests.debug.xcconfig */;
			buildSettings = {
				ALWAYS_EMBED_SWIFT_STANDARD_LIBRARIES = YES;
				BUNDLE_LOADER = "$(TEST_HOST)";
				CODE_SIGN_STYLE = Automatic;
				INFOPLIST_FILE = ImageLoaderTests/Info.plist;
				LD_RUNPATH_SEARCH_PATHS = "$(inherited) @executable_path/Frameworks @loader_path/Frameworks";
				PRODUCT_BUNDLE_IDENTIFIER = com.IvanHahan.ImageLoaderTests;
				PRODUCT_NAME = "$(TARGET_NAME)";
				SWIFT_VERSION = 4.0;
				TARGETED_DEVICE_FAMILY = "1,2";
				TEST_HOST = "$(BUILT_PRODUCTS_DIR)/ImageLoader.app/ImageLoader";
			};
			name = Debug;
		};
		F48CF6352054717500B3F7C0 /* Release */ = {
			isa = XCBuildConfiguration;
			baseConfigurationReference = D6A554829F2EBEA98BBE031D /* Pods-ImageLoaderTests.release.xcconfig */;
			buildSettings = {
				ALWAYS_EMBED_SWIFT_STANDARD_LIBRARIES = YES;
				BUNDLE_LOADER = "$(TEST_HOST)";
				CODE_SIGN_STYLE = Automatic;
				INFOPLIST_FILE = ImageLoaderTests/Info.plist;
				LD_RUNPATH_SEARCH_PATHS = "$(inherited) @executable_path/Frameworks @loader_path/Frameworks";
				PRODUCT_BUNDLE_IDENTIFIER = com.IvanHahan.ImageLoaderTests;
				PRODUCT_NAME = "$(TARGET_NAME)";
				SWIFT_VERSION = 4.0;
				TARGETED_DEVICE_FAMILY = "1,2";
				TEST_HOST = "$(BUILT_PRODUCTS_DIR)/ImageLoader.app/ImageLoader";
			};
			name = Release;
		};
/* End XCBuildConfiguration section */

/* Begin XCConfigurationList section */
		F48CF60B2054717500B3F7C0 /* Build configuration list for PBXProject "ImageLoader" */ = {
			isa = XCConfigurationList;
			buildConfigurations = (
				F48CF62E2054717500B3F7C0 /* Debug */,
				F48CF62F2054717500B3F7C0 /* Release */,
			);
			defaultConfigurationIsVisible = 0;
			defaultConfigurationName = Release;
		};
		F48CF6302054717500B3F7C0 /* Build configuration list for PBXNativeTarget "ImageLoader" */ = {
			isa = XCConfigurationList;
			buildConfigurations = (
				F48CF6312054717500B3F7C0 /* Debug */,
				F48CF6322054717500B3F7C0 /* Release */,
			);
			defaultConfigurationIsVisible = 0;
			defaultConfigurationName = Release;
		};
		F48CF6332054717500B3F7C0 /* Build configuration list for PBXNativeTarget "ImageLoaderTests" */ = {
			isa = XCConfigurationList;
			buildConfigurations = (
				F48CF6342054717500B3F7C0 /* Debug */,
				F48CF6352054717500B3F7C0 /* Release */,
			);
			defaultConfigurationIsVisible = 0;
			defaultConfigurationName = Release;
		};
/* End XCConfigurationList section */

/* Begin XCVersionGroup section */
		F48CF61A2054717500B3F7C0 /* ImageLoader.xcdatamodeld */ = {
			isa = XCVersionGroup;
			children = (
				F48CF61B2054717500B3F7C0 /* ImageLoader.xcdatamodel */,
			);
			currentVersion = F48CF61B2054717500B3F7C0 /* ImageLoader.xcdatamodel */;
			path = ImageLoader.xcdatamodeld;
			sourceTree = "<group>";
			versionGroupType = wrapper.xcdatamodel;
		};
/* End XCVersionGroup section */
	};
	rootObject = F48CF6082054717500B3F7C0 /* Project object */;
}
